
Microsoft Visual Studio Solution File, Format Version 12.00
# Visual Studio Version 17
VisualStudioVersion = 17.11.34909.67
MinimumVisualStudioVersion = 10.0.40219.1
Project("{8BC9CEB8-8B4A-11D0-8D11-00A0C91BC942}") = "SoftwareSales", "SoftwareSales\SoftwareSales.vcxproj", "{95AF3B9F-947B-4FE1-87B9-E0ED015574F2}"
EndProject
Global
	GlobalSection(SolutionConfigurationPlatforms) = preSolution
		Debug|x64 = Debug|x64
		Debug|x86 = Debug|x86
		Release|x64 = Release|x64
		Release|x86 = Release|x86
	EndGlobalSection
	GlobalSection(ProjectConfigurationPlatforms) = postSolution
		{95AF3B9F-947B-4FE1-87B9-E0ED015574F2}.Debug|x64.ActiveCfg = Debug|x64
		{95AF3B9F-947B-4FE1-87B9-E0ED015574F2}.Debug|x64.Build.0 = Debug|x64
		{95AF3B9F-947B-4FE1-87B9-E0ED015574F2}.Debug|x86.ActiveCfg = Debug|Win32
		{95AF3B9F-947B-4FE1-87B9-E0ED015574F2}.Debug|x86.Build.0 = Debug|Win32
		{95AF3B9F-947B-4FE1-87B9-E0ED015574F2}.Release|x64.ActiveCfg = Release|x64
		{95AF3B9F-947B-4FE1-87B9-E0ED015574F2}.Release|x64.Build.0 = Release|x64
		{95AF3B9F-947B-4FE1-87B9-E0ED015574F2}.Release|x86.ActiveCfg = Release|Win32
		{95AF3B9F-947B-4FE1-87B9-E0ED015574F2}.Release|x86.Build.0 = Release|Win32
	EndGlobalSection
	GlobalSection(SolutionProperties) = preSolution
		HideSolutionNode = FALSE
	EndGlobalSection
	GlobalSection(ExtensibilityGlobals) = postSolution
		SolutionGuid = {0122495C-DD44-4F48-9DBF-0A6C45F167DD}
	EndGlobalSection
EndGlobal
